{
  "lockfileVersion": 1,
  "configVersion": 1,
  "workspaces": {
    "": {
      "name": "bson2sql",
      "dependencies": {
        "bson": "^7.0.0",
      },
    },
  },
  "packages": {
    "bson": ["bson@7.0.0", "", {}, "sha512-Kwc6Wh4lQ5OmkqqKhYGKIuELXl+EPYSCObVE6bWsp1T/cGkOCBN0I8wF/T44BiuhHyNi1mmKVPXk60d41xZ7kw=="],
  }
}
